
Microsoft Visual Studio Solution File, Format Version 12.00
# Visual Studio 2012
Project("{FAE04EC0-301F-11D3-BF4B-00C04F79EFBC}") = "PenTouch", "PenTouch\PenTouch.csproj", "{6F4B50C4-217A-44E6-97F5-358AB9B94EC8}"
EndProject
Project("{FAE04EC0-301F-11D3-BF4B-00C04F79EFBC}") = "PenTouchServer", "PenTouchServer\PenTouchServer.csproj", "{92C26D69-8E6C-4775-8FB7-3D749C5DF180}"
EndProject
Global
	GlobalSection(SolutionConfigurationPlatforms) = preSolution
		Debug|Any CPU = Debug|Any CPU
		Debug|ARM = Debug|ARM
		Debug|x64 = Debug|x64
		Debug|x86 = Debug|x86
		Release|Any CPU = Release|Any CPU
		Release|ARM = Release|ARM
		Release|x64 = Release|x64
		Release|x86 = Release|x86
	EndGlobalSection
	GlobalSection(ProjectConfigurationPlatforms) = postSolution
		{6F4B50C4-217A-44E6-97F5-358AB9B94EC8}.Debug|Any CPU.ActiveCfg = Debug|Any CPU
		{6F4B50C4-217A-44E6-97F5-358AB9B94EC8}.Debug|Any CPU.Build.0 = Debug|Any CPU
		{6F4B50C4-217A-44E6-97F5-358AB9B94EC8}.Debug|Any CPU.Deploy.0 = Debug|Any CPU
		{6F4B50C4-217A-44E6-97F5-358AB9B94EC8}.Debug|ARM.ActiveCfg = Debug|ARM
		{6F4B50C4-217A-44E6-97F5-358AB9B94EC8}.Debug|ARM.Build.0 = Debug|ARM
		{6F4B50C4-217A-44E6-97F5-358AB9B94EC8}.Debug|ARM.Deploy.0 = Debug|ARM
		{6F4B50C4-217A-44E6-97F5-358AB9B94EC8}.Debug|x64.ActiveCfg = Debug|x64
		{6F4B50C4-217A-44E6-97F5-358AB9B94EC8}.Debug|x64.Build.0 = Debug|x64
		{6F4B50C4-217A-44E6-97F5-358AB9B94EC8}.Debug|x64.Deploy.0 = Debug|x64
		{6F4B50C4-217A-44E6-97F5-358AB9B94EC8}.Debug|x86.ActiveCfg = Debug|x86
		{6F4B50C4-217A-44E6-97F5-358AB9B94EC8}.Debug|x86.Build.0 = Debug|x86
		{6F4B50C4-217A-44E6-97F5-358AB9B94EC8}.Debug|x86.Deploy.0 = Debug|x86
		{6F4B50C4-217A-44E6-97F5-358AB9B94EC8}.Release|Any CPU.ActiveCfg = Release|Any CPU
		{6F4B50C4-217A-44E6-97F5-358AB9B94EC8}.Release|Any CPU.Build.0 = Release|Any CPU
		{6F4B50C4-217A-44E6-97F5-358AB9B94EC8}.Release|Any CPU.Deploy.0 = Release|Any CPU
		{6F4B50C4-217A-44E6-97F5-358AB9B94EC8}.Release|ARM.ActiveCfg = Release|ARM
		{6F4B50C4-217A-44E6-97F5-358AB9B94EC8}.Release|ARM.Build.0 = Release|ARM
		{6F4B50C4-217A-44E6-97F5-358AB9B94EC8}.Release|ARM.Deploy.0 = Release|ARM
		{6F4B50C4-217A-44E6-97F5-358AB9B94EC8}.Release|x64.ActiveCfg = Release|x64
		{6F4B50C4-217A-44E6-97F5-358AB9B94EC8}.Release|x64.Build.0 = Release|x64
		{6F4B50C4-217A-44E6-97F5-358AB9B94EC8}.Release|x64.Deploy.0 = Release|x64
		{6F4B50C4-217A-44E6-97F5-358AB9B94EC8}.Release|x86.ActiveCfg = Release|x86
		{6F4B50C4-217A-44E6-97F5-358AB9B94EC8}.Release|x86.Build.0 = Release|x86
		{6F4B50C4-217A-44E6-97F5-358AB9B94EC8}.Release|x86.Deploy.0 = Release|x86
		{92C26D69-8E6C-4775-8FB7-3D749C5DF180}.Debug|Any CPU.ActiveCfg = Debug|Any CPU
		{92C26D69-8E6C-4775-8FB7-3D749C5DF180}.Debug|Any CPU.Build.0 = Debug|Any CPU
		{92C26D69-8E6C-4775-8FB7-3D749C5DF180}.Debug|ARM.ActiveCfg = Debug|Any CPU
		{92C26D69-8E6C-4775-8FB7-3D749C5DF180}.Debug|x64.ActiveCfg = Debug|Any CPU
		{92C26D69-8E6C-4775-8FB7-3D749C5DF180}.Debug|x86.ActiveCfg = Debug|Any CPU
		{92C26D69-8E6C-4775-8FB7-3D749C5DF180}.Release|Any CPU.ActiveCfg = Release|Any CPU
		{92C26D69-8E6C-4775-8FB7-3D749C5DF180}.Release|Any CPU.Build.0 = Release|Any CPU
		{92C26D69-8E6C-4775-8FB7-3D749C5DF180}.Release|ARM.ActiveCfg = Release|Any CPU
		{92C26D69-8E6C-4775-8FB7-3D749C5DF180}.Release|x64.ActiveCfg = Release|Any CPU
		{92C26D69-8E6C-4775-8FB7-3D749C5DF180}.Release|x86.ActiveCfg = Release|Any CPU
	EndGlobalSection
	GlobalSection(SolutionProperties) = preSolution
		HideSolutionNode = FALSE
	EndGlobalSection
EndGlobal
